{
  "name": "vnu-html-validator",
  "version": "1.0.1",
  "lockfileVersion": 1,
  "requires": true,
  "dependencies": {
    "vnu-jar": {
      "version": "19.9.4",
      "resolved": "https://spring.jfrog.io/spring/api/npm/npm-red/vnu-jar/-/vnu-jar-19.9.4.tgz",
      "integrity": "sha1-+gQTXe498c2xu8vNEfxAtz/TnYo="
    }
  }
}
